{"1.2.0",
[{<<"active">>,{pkg,<<"active">>,<<"6.1.1">>},0},
 {<<"certifi">>,{pkg,<<"certifi">>,<<"2.5.3">>},1},
 {<<"erlsh">>,{pkg,<<"erlsh">>,<<"0.1.0">>},0},
 {<<"fn">>,
  {git,"https://github.com/reiddraper/fn",
       {ref,"1e8f3f43e5fa6e5e68eb19184fa60d8da5de99d0"}},
  0},
 {<<"fs">>,{pkg,<<"fs">>,<<"6.1.1">>},1},
 {<<"goldrush">>,{pkg,<<"goldrush">>,<<"0.1.9">>},1},
 {<<"hackney">>,{pkg,<<"hackney">>,<<"1.17.0">>},0},
 {<<"idna">>,{pkg,<<"idna">>,<<"6.1.1">>},1},
 {<<"jsx">>,{pkg,<<"jsx">>,<<"2.9.0">>},0},
 {<<"lager">>,{pkg,<<"lager">>,<<"3.8.0">>},0},
 {<<"metrics">>,{pkg,<<"metrics">>,<<"1.0.1">>},1},
 {<<"mimerl">>,{pkg,<<"mimerl">>,<<"1.2.0">>},1},
 {<<"parse_trans">>,{pkg,<<"parse_trans">>,<<"3.3.1">>},1},
 {<<"ssl_verify_fun">>,{pkg,<<"ssl_verify_fun">>,<<"1.1.6">>},1},
 {<<"unicode_util_compat">>,{pkg,<<"unicode_util_compat">>,<<"0.7.0">>},1}]}.
[
{pkg_hash,[
 {<<"active">>, <<"EB6E403C03B4FCD1C0CE3E62C8655C82F5CEF4F65249EF75FEF1B2B7ED212680">>},
 {<<"certifi">>, <<"70BDD7E7188C804F3A30EE0E7C99655BC35D8AC41C23E12325F36AB449B70651">>},
 {<<"erlsh">>, <<"77FA764E1ACAD2B0E06C0F4BD2AB9D3C3429CC058048938B1399A534D861C88D">>},
 {<<"fs">>, <<"9D147B944D60CFA48A349F12D06C8EE71128F610C90870BDF9A6773206452ED0">>},
 {<<"goldrush">>, <<"F06E5D5F1277DA5C413E84D5A2924174182FB108DABB39D5EC548B27424CD106">>},
 {<<"hackney">>, <<"717EA195FD2F898D9FE9F1CE0AFCC2621A41ECFE137FAE57E7FE6E9484B9AA99">>},
 {<<"idna">>, <<"8A63070E9F7D0C62EB9D9FCB360A7DE382448200FBBD1B106CC96D3D8099DF8D">>},
 {<<"jsx">>, <<"D2F6E5F069C00266CAD52FB15D87C428579EA4D7D73A33669E12679E203329DD">>},
 {<<"lager">>, <<"3402B9A7E473680CA179FC2F1D827CAB88DD37DD1E6113090C6F45EF05228A1C">>},
 {<<"metrics">>, <<"25F094DEA2CDA98213CECC3AEFF09E940299D950904393B2A29D191C346A8486">>},
 {<<"mimerl">>, <<"67E2D3F571088D5CFD3E550C383094B47159F3EEE8FFA08E64106CDF5E981BE3">>},
 {<<"parse_trans">>, <<"16328AB840CC09919BD10DAB29E431DA3AF9E9E7E7E6F0089DD5A2D2820011D8">>},
 {<<"ssl_verify_fun">>, <<"CF344F5692C82D2CD7554F5EC8FD961548D4FD09E7D22F5B62482E5AEAEBD4B0">>},
 {<<"unicode_util_compat">>, <<"BC84380C9AB48177092F43AC89E4DFA2C6D62B40B8BD132B1059ECC7232F9A78">>}]},
{pkg_hash_ext,[
 {<<"active">>, <<"E34080D6131DC835FAC093EB1232DB26BAA33B279ABD27A986B2D5DE8221966C">>},
 {<<"certifi">>, <<"ED516ACB3929B101208A9D700062D520F3953DA3B6B918D866106FFA980E1C10">>},
 {<<"erlsh">>, <<"94EF1492DD59FEF211F01FFD40C47B6E51C0F59E2A3D0739366E4890961332D9">>},
 {<<"fs">>, <<"EF94E95FFE79916860649FED80AC62B04C322B0BB70F5128144C026B4D171F8B">>},
 {<<"goldrush">>, <<"99CB4128CFFCB3227581E5D4D803D5413FA643F4EB96523F77D9E6937D994CEB">>},
 {<<"hackney">>, <<"64C22225F1EA8855F584720C0E5B3CD14095703AF1C9FBC845BA042811DC671C">>},
 {<<"idna">>, <<"92376EB7894412ED19AC475E4A86F7B413C1B9FBB5BD16DCCD57934157944CEA">>},
 {<<"jsx">>, <<"8EE1DB1CABAFDD578A2776A6AAAE87C2A8CE54B47B59E9EC7DAB5D7EB71CD8DC">>},
 {<<"lager">>, <<"F6CB541B688EAB60730D8D286EB77256A5A9AD06EAC10D43BEAF55D07E68BBB6">>},
 {<<"metrics">>, <<"69B09ADDDC4F74A40716AE54D140F93BEB0FB8978D8636EADED0C31B6F099F16">>},
 {<<"mimerl">>, <<"F278585650AA581986264638EBF698F8BB19DF297F66AD91B18910DFC6E19323">>},
 {<<"parse_trans">>, <<"07CD9577885F56362D414E8C4C4E6BDF10D43A8767ABB92D24CBE8B24C54888B">>},
 {<<"ssl_verify_fun">>, <<"BDB0D2471F453C88FF3908E7686F86F9BE327D065CC1EC16FA4540197EA04680">>},
 {<<"unicode_util_compat">>, <<"25EEE6D67DF61960CF6A794239566599B09E17E668D3700247BC498638152521">>}]}
].
